
Microsoft Visual Studio Solution File, Format Version 12.00
# Visual Studio Version 16
VisualStudioVersion = 16.0.29215.179
MinimumVisualStudioVersion = 10.0.40219.1
Project("{FAE04EC0-301F-11D3-BF4B-00C04F79EFBC}") = "COMP229_Assignment_01_F2019_300613283", "COMP229_Assignment_01_F2019_300613283\COMP229_Assignment_01_F2019_300613283.csproj", "{8A74EBD3-039D-46AB-BAE4-A84217FDD697}"
EndProject
Global
	GlobalSection(SolutionConfigurationPlatforms) = preSolution
		Debug|Any CPU = Debug|Any CPU
		Release|Any CPU = Release|Any CPU
	EndGlobalSection
	GlobalSection(ProjectConfigurationPlatforms) = postSolution
		{8A74EBD3-039D-46AB-BAE4-A84217FDD697}.Debug|Any CPU.ActiveCfg = Debug|Any CPU
		{8A74EBD3-039D-46AB-BAE4-A84217FDD697}.Debug|Any CPU.Build.0 = Debug|Any CPU
		{8A74EBD3-039D-46AB-BAE4-A84217FDD697}.Release|Any CPU.ActiveCfg = Release|Any CPU
		{8A74EBD3-039D-46AB-BAE4-A84217FDD697}.Release|Any CPU.Build.0 = Release|Any CPU
	EndGlobalSection
	GlobalSection(SolutionProperties) = preSolution
		HideSolutionNode = FALSE
	EndGlobalSection
	GlobalSection(ExtensibilityGlobals) = postSolution
		SolutionGuid = {60DAD212-5D0B-49E9-8733-B690314F5D05}
	EndGlobalSection
EndGlobal
